
Microsoft Visual Studio Solution File, Format Version 12.00
# Visual Studio Version 16
VisualStudioVersion = 16.0.32630.194
MinimumVisualStudioVersion = 10.0.40219.1
Project("{FAE04EC0-301F-11D3-BF4B-00C04F79EFBC}") = "Game", "Game.csproj", "{AFE702AF-4A1B-4C92-B2B9-730A1EE05BC2}"
EndProject
Global
	GlobalSection(SolutionConfigurationPlatforms) = preSolution
		Debug|Any CPU = Debug|Any CPU
		Release|Any CPU = Release|Any CPU
	EndGlobalSection
	GlobalSection(ProjectConfigurationPlatforms) = postSolution
		{AFE702AF-4A1B-4C92-B2B9-730A1EE05BC2}.Debug|Any CPU.ActiveCfg = Debug|Any CPU
		{AFE702AF-4A1B-4C92-B2B9-730A1EE05BC2}.Debug|Any CPU.Build.0 = Debug|Any CPU
		{AFE702AF-4A1B-4C92-B2B9-730A1EE05BC2}.Release|Any CPU.ActiveCfg = Release|Any CPU
		{AFE702AF-4A1B-4C92-B2B9-730A1EE05BC2}.Release|Any CPU.Build.0 = Release|Any CPU
	EndGlobalSection
	GlobalSection(SolutionProperties) = preSolution
		HideSolutionNode = FALSE
	EndGlobalSection
	GlobalSection(ExtensibilityGlobals) = postSolution
		SolutionGuid = {6B9A70C0-4C0F-4222-8E99-B769C7E1DDCA}
	EndGlobalSection
EndGlobal
